
Microsoft Visual Studio Solution File, Format Version 12.00
# Visual Studio 2012
Project("{FAE04EC0-301F-11D3-BF4B-00C04F79EFBC}") = "Moqups.App", "Moqups.App\Moqups.App.csproj", "{05D85170-983D-49AD-A0D3-26070B38FBB4}"
EndProject
Project("{FAE04EC0-301F-11D3-BF4B-00C04F79EFBC}") = "Moqups.Connection", "Moqups.Connection\Moqups.Connection.csproj", "{E3EA76BD-68B4-4C15-A692-D681DB9B6870}"
EndProject
Project("{FAE04EC0-301F-11D3-BF4B-00C04F79EFBC}") = "Moqups.Connection.Infrastructure", "Moqups.Connection.Infrastructure\Moqups.Connection.Infrastructure.csproj", "{F2C7DDC2-27E4-427A-8B3E-E8C285A26BFD}"
EndProject
Project("{FAE04EC0-301F-11D3-BF4B-00C04F79EFBC}") = "Moqups.BL", "Moqups.BL\Moqups.BL.csproj", "{17CE2553-6E60-41C1-ADC3-550AEC654616}"
EndProject
Project("{FAE04EC0-301F-11D3-BF4B-00C04F79EFBC}") = "Moqups.BL.Infrastructure", "Moqups.BL.Infrastructure\Moqups.BL.Infrastructure.csproj", "{AF8C57B2-6805-4E18-BB3E-F3250E9FB37C}"
EndProject
Project("{FAE04EC0-301F-11D3-BF4B-00C04F79EFBC}") = "Moqups.Entities", "Moqups.Entities\Moqups.Entities.csproj", "{0FA3607F-84D2-4D43-AA3D-5BCC7292F1E1}"
EndProject
Project("{2150E333-8FDC-42A3-9474-1A3956D46DE8}") = "BL", "BL", "{A0DD3CBC-F93D-4B38-8E7A-37A8E869B9A3}"
EndProject
Project("{FAE04EC0-301F-11D3-BF4B-00C04F79EFBC}") = "DAL.Infrastructure", "DAL.Infrastructure\DAL.Infrastructure.csproj", "{646DBB47-729D-4A05-88E0-D6D9D8350913}"
EndProject
Project("{FAE04EC0-301F-11D3-BF4B-00C04F79EFBC}") = "DAL", "DAL\DAL.csproj", "{AC104587-D370-400F-B850-A55306503388}"
EndProject
Project("{2150E333-8FDC-42A3-9474-1A3956D46DE8}") = "DAL", "DAL", "{C6AB37F8-B808-43B0-93BC-6A2DD6589035}"
EndProject
Project("{2150E333-8FDC-42A3-9474-1A3956D46DE8}") = "App", "App", "{E2B58F52-AAE3-4985-8CE2-2192743D210C}"
EndProject
Global
	GlobalSection(SolutionConfigurationPlatforms) = preSolution
		Debug|Any CPU = Debug|Any CPU
		Release|Any CPU = Release|Any CPU
	EndGlobalSection
	GlobalSection(ProjectConfigurationPlatforms) = postSolution
		{05D85170-983D-49AD-A0D3-26070B38FBB4}.Debug|Any CPU.ActiveCfg = Debug|Any CPU
		{05D85170-983D-49AD-A0D3-26070B38FBB4}.Debug|Any CPU.Build.0 = Debug|Any CPU
		{05D85170-983D-49AD-A0D3-26070B38FBB4}.Release|Any CPU.ActiveCfg = Release|Any CPU
		{05D85170-983D-49AD-A0D3-26070B38FBB4}.Release|Any CPU.Build.0 = Release|Any CPU
		{E3EA76BD-68B4-4C15-A692-D681DB9B6870}.Debug|Any CPU.ActiveCfg = Debug|Any CPU
		{E3EA76BD-68B4-4C15-A692-D681DB9B6870}.Debug|Any CPU.Build.0 = Debug|Any CPU
		{E3EA76BD-68B4-4C15-A692-D681DB9B6870}.Release|Any CPU.ActiveCfg = Release|Any CPU
		{E3EA76BD-68B4-4C15-A692-D681DB9B6870}.Release|Any CPU.Build.0 = Release|Any CPU
		{F2C7DDC2-27E4-427A-8B3E-E8C285A26BFD}.Debug|Any CPU.ActiveCfg = Debug|Any CPU
		{F2C7DDC2-27E4-427A-8B3E-E8C285A26BFD}.Debug|Any CPU.Build.0 = Debug|Any CPU
		{F2C7DDC2-27E4-427A-8B3E-E8C285A26BFD}.Release|Any CPU.ActiveCfg = Release|Any CPU
		{F2C7DDC2-27E4-427A-8B3E-E8C285A26BFD}.Release|Any CPU.Build.0 = Release|Any CPU
		{17CE2553-6E60-41C1-ADC3-550AEC654616}.Debug|Any CPU.ActiveCfg = Debug|Any CPU
		{17CE2553-6E60-41C1-ADC3-550AEC654616}.Debug|Any CPU.Build.0 = Debug|Any CPU
		{17CE2553-6E60-41C1-ADC3-550AEC654616}.Release|Any CPU.ActiveCfg = Release|Any CPU
		{17CE2553-6E60-41C1-ADC3-550AEC654616}.Release|Any CPU.Build.0 = Release|Any CPU
		{AF8C57B2-6805-4E18-BB3E-F3250E9FB37C}.Debug|Any CPU.ActiveCfg = Debug|Any CPU
		{AF8C57B2-6805-4E18-BB3E-F3250E9FB37C}.Debug|Any CPU.Build.0 = Debug|Any CPU
		{AF8C57B2-6805-4E18-BB3E-F3250E9FB37C}.Release|Any CPU.ActiveCfg = Release|Any CPU
		{AF8C57B2-6805-4E18-BB3E-F3250E9FB37C}.Release|Any CPU.Build.0 = Release|Any CPU
		{0FA3607F-84D2-4D43-AA3D-5BCC7292F1E1}.Debug|Any CPU.ActiveCfg = Debug|Any CPU
		{0FA3607F-84D2-4D43-AA3D-5BCC7292F1E1}.Debug|Any CPU.Build.0 = Debug|Any CPU
		{0FA3607F-84D2-4D43-AA3D-5BCC7292F1E1}.Release|Any CPU.ActiveCfg = Release|Any CPU
		{0FA3607F-84D2-4D43-AA3D-5BCC7292F1E1}.Release|Any CPU.Build.0 = Release|Any CPU
		{646DBB47-729D-4A05-88E0-D6D9D8350913}.Debug|Any CPU.ActiveCfg = Debug|Any CPU
		{646DBB47-729D-4A05-88E0-D6D9D8350913}.Debug|Any CPU.Build.0 = Debug|Any CPU
		{646DBB47-729D-4A05-88E0-D6D9D8350913}.Release|Any CPU.ActiveCfg = Release|Any CPU
		{646DBB47-729D-4A05-88E0-D6D9D8350913}.Release|Any CPU.Build.0 = Release|Any CPU
		{AC104587-D370-400F-B850-A55306503388}.Debug|Any CPU.ActiveCfg = Debug|Any CPU
		{AC104587-D370-400F-B850-A55306503388}.Debug|Any CPU.Build.0 = Debug|Any CPU
		{AC104587-D370-400F-B850-A55306503388}.Release|Any CPU.ActiveCfg = Release|Any CPU
		{AC104587-D370-400F-B850-A55306503388}.Release|Any CPU.Build.0 = Release|Any CPU
	EndGlobalSection
	GlobalSection(SolutionProperties) = preSolution
		HideSolutionNode = FALSE
	EndGlobalSection
	GlobalSection(NestedProjects) = preSolution
		{AF8C57B2-6805-4E18-BB3E-F3250E9FB37C} = {A0DD3CBC-F93D-4B38-8E7A-37A8E869B9A3}
		{F2C7DDC2-27E4-427A-8B3E-E8C285A26BFD} = {A0DD3CBC-F93D-4B38-8E7A-37A8E869B9A3}
		{0FA3607F-84D2-4D43-AA3D-5BCC7292F1E1} = {A0DD3CBC-F93D-4B38-8E7A-37A8E869B9A3}
		{E3EA76BD-68B4-4C15-A692-D681DB9B6870} = {A0DD3CBC-F93D-4B38-8E7A-37A8E869B9A3}
		{17CE2553-6E60-41C1-ADC3-550AEC654616} = {A0DD3CBC-F93D-4B38-8E7A-37A8E869B9A3}
		{AC104587-D370-400F-B850-A55306503388} = {C6AB37F8-B808-43B0-93BC-6A2DD6589035}
		{646DBB47-729D-4A05-88E0-D6D9D8350913} = {C6AB37F8-B808-43B0-93BC-6A2DD6589035}
		{05D85170-983D-49AD-A0D3-26070B38FBB4} = {E2B58F52-AAE3-4985-8CE2-2192743D210C}
	EndGlobalSection
EndGlobal
